
Microsoft Visual Studio Solution File, Format Version 10.00
Project("{8BC9CEB8-8B4A-11D0-8D11-00A0C91BC942}") = "Dia2Dump", "Dia2Dump.vcproj", "{5950D092-E050-43E2-8FA0-F293DE81C5A8}"
EndProject
Global
	GlobalSection(SolutionConfigurationPlatforms) = preSolution
		Debug|Win32 = Debug|Win32
		Release|Win32 = Release|Win32
	EndGlobalSection
	GlobalSection(ProjectConfigurationPlatforms) = postSolution
		{5950D092-E050-43E2-8FA0-F293DE81C5A8}.Debug|Win32.ActiveCfg = Debug|Win32
		{5950D092-E050-43E2-8FA0-F293DE81C5A8}.Debug|Win32.Build.0 = Debug|Win32
		{5950D092-E050-43E2-8FA0-F293DE81C5A8}.Release|Win32.ActiveCfg = Release|Win32
		{5950D092-E050-43E2-8FA0-F293DE81C5A8}.Release|Win32.Build.0 = Release|Win32
	EndGlobalSection
	GlobalSection(SolutionProperties) = preSolution
		HideSolutionNode = FALSE
	EndGlobalSection
EndGlobal
